github.com/gizak/termui v3.1.0+incompatible h1:N3CFm+j087lanTxPpHOmQs0uS3s5I9TxoAFy6DqPqv8=
github.com/gizak/termui v3.1.0+incompatible/go.mod h1:PkJoWUt/zacQKysNfQtcw1RW+eK2SxkieVBtl+4ovLA=
github.com/samber/lo v1.47.0 h1:z7RynLwP5nbyRscyvcD043DWYoOcYRv3mV8lBeqOCLc=
github.com/samber/lo v1.47.0/go.mod h1:RmDH9Ct32Qy3gduHQuKJ3gW1fMHAnE/fAzQuf6He5cU=
golang.org/x/text v0.16.0 h1:a94ExnEXNtEwYLGJSIUxnWoxoRz/ZcCsV63ROupILh4=
golang.org/x/text v0.16.0/go.mod h1:GhwF1Be+LQoKShO3cGOHzqOgRrGaYc9AvblQOmPVHnI=
